
Microsoft Visual Studio Solution File, Format Version 12.00
# Visual Studio 15
VisualStudioVersion = 15.0.27004.2010
MinimumVisualStudioVersion = 10.0.40219.1
Project("{FAE04EC0-301F-11D3-BF4B-00C04F79EFBC}") = "WebAPI_CORS", "WebAPI_CORS\WebAPI_CORS.csproj", "{92923384-8731-434B-AA62-62CEF8548ACF}"
EndProject
Global
	GlobalSection(SolutionConfigurationPlatforms) = preSolution
		Debug|Any CPU = Debug|Any CPU
		Release|Any CPU = Release|Any CPU
	EndGlobalSection
	GlobalSection(ProjectConfigurationPlatforms) = postSolution
		{92923384-8731-434B-AA62-62CEF8548ACF}.Debug|Any CPU.ActiveCfg = Debug|Any CPU
		{92923384-8731-434B-AA62-62CEF8548ACF}.Debug|Any CPU.Build.0 = Debug|Any CPU
		{92923384-8731-434B-AA62-62CEF8548ACF}.Release|Any CPU.ActiveCfg = Release|Any CPU
		{92923384-8731-434B-AA62-62CEF8548ACF}.Release|Any CPU.Build.0 = Release|Any CPU
	EndGlobalSection
	GlobalSection(SolutionProperties) = preSolution
		HideSolutionNode = FALSE
	EndGlobalSection
	GlobalSection(ExtensibilityGlobals) = postSolution
		SolutionGuid = {0AD7BCA7-064C-46C0-B8B6-1E6984FDEC17}
	EndGlobalSection
EndGlobal
